// !$*UTF8*$!
{
	archiveVersion = 1;
	classes = {
	};
	objectVersion = 46;
	objects = {

/* Begin PBXBuildFile section */
		1E1A5E8D1332040E004E2683 /* SimpleChoiceView.m in Sources */ = {isa = PBXBuildFile; fileRef = 1E1A5E8B1332040E004E2683 /* SimpleChoiceView.m */; };
		1E1A5E8E1332040E004E2683 /* SimpleChoiceView.xib in Resources */ = {isa = PBXBuildFile; fileRef = 1E1A5E8C1332040E004E2683 /* SimpleChoiceView.xib */; };
		1E1A5E9213336B84004E2683 /* SmartAlertView.m in Sources */ = {isa = PBXBuildFile; fileRef = 1E1A5E9113336B84004E2683 /* SmartAlertView.m */; };
		A6103DEA132CF6BF0083FBFD /* TasklistView.m in Sources */ = {isa = PBXBuildFile; fileRef = A6103DE8132CF6BE0083FBFD /* TasklistView.m */; };
		A6103DEB132CF6BF0083FBFD /* TasklistView.xib in Resources */ = {isa = PBXBuildFile; fileRef = A6103DE9132CF6BE0083FBFD /* TasklistView.xib */; };
		A6103DF0132D02DF0083FBFD /* TasklistListView.m in Sources */ = {isa = PBXBuildFile; fileRef = A6103DEE132D02DE0083FBFD /* TasklistListView.m */; };
		A613AEF6132CDD0E000D6211 /* DateUtils.m in Sources */ = {isa = PBXBuildFile; fileRef = A613AEF3132CDD0E000D6211 /* DateUtils.m */; };
		A613AEF7132CDD0E000D6211 /* String+Utils.m in Sources */ = {isa = PBXBuildFile; fileRef = A613AEF5132CDD0E000D6211 /* String+Utils.m */; };
		A61A70D7133F373B00E510DA /* SimpleTaskView.m in Sources */ = {isa = PBXBuildFile; fileRef = A61A70D5133F373B00E510DA /* SimpleTaskView.m */; };
		A61A70D8133F373B00E510DA /* SimpleTaskView.xib in Resources */ = {isa = PBXBuildFile; fileRef = A61A70D6133F373B00E510DA /* SimpleTaskView.xib */; };
		A62EF781132B93F700FDB4FA /* UIKit.framework in Frameworks */ = {isa = PBXBuildFile; fileRef = A62EF780132B93F700FDB4FA /* UIKit.framework */; };
		A62EF783132B93F700FDB4FA /* Foundation.framework in Frameworks */ = {isa = PBXBuildFile; fileRef = A62EF782132B93F700FDB4FA /* Foundation.framework */; };
		A62EF785132B93F700FDB4FA /* CoreGraphics.framework in Frameworks */ = {isa = PBXBuildFile; fileRef = A62EF784132B93F700FDB4FA /* CoreGraphics.framework */; };
		A62EF78B132B93F700FDB4FA /* InfoPlist.strings in Resources */ = {isa = PBXBuildFile; fileRef = A62EF789132B93F700FDB4FA /* InfoPlist.strings */; };
		A62EF78E132B93F700FDB4FA /* main.m in Sources */ = {isa = PBXBuildFile; fileRef = A62EF78D132B93F700FDB4FA /* main.m */; };
		A62EF791132B93F700FDB4FA /* Task_CoachAppDelegate.m in Sources */ = {isa = PBXBuildFile; fileRef = A62EF790132B93F700FDB4FA /* Task_CoachAppDelegate.m */; };
		A62EF795132B93F700FDB4FA /* Task_CoachAppDelegate_iPhone.m in Sources */ = {isa = PBXBuildFile; fileRef = A62EF794132B93F700FDB4FA /* Task_CoachAppDelegate_iPhone.m */; };
		A62EF798132B93F700FDB4FA /* MainWindow_iPhone.xib in Resources */ = {isa = PBXBuildFile; fileRef = A62EF796132B93F700FDB4FA /* MainWindow_iPhone.xib */; };
		A62EF79C132B93F700FDB4FA /* Task_CoachAppDelegate_iPad.m in Sources */ = {isa = PBXBuildFile; fileRef = A62EF79B132B93F700FDB4FA /* Task_CoachAppDelegate_iPad.m */; };
		A62EF79F132B93F700FDB4FA /* MainWindow_iPad.xib in Resources */ = {isa = PBXBuildFile; fileRef = A62EF79D132B93F700FDB4FA /* MainWindow_iPad.xib */; };
		A62EF7A7132B952500FDB4FA /* ImageButton.m in Sources */ = {isa = PBXBuildFile; fileRef = A62EF7A6132B952500FDB4FA /* ImageButton.m */; };
		A62FF3FB132CDB8A00D33908 /* Migration.m in Sources */ = {isa = PBXBuildFile; fileRef = A62FF3FA132CDB8A00D33908 /* Migration.m */; };
		A6775FAD132CD3A200358BC9 /* Configuration.m in Sources */ = {isa = PBXBuildFile; fileRef = A6775FAC132CD3A200358BC9 /* Configuration.m */; };
		A6775FB7132CD7AC00358BC9 /* TaskCoachCD.xcdatamodeld in Sources */ = {isa = PBXBuildFile; fileRef = A6775FB4132CD7AC00358BC9 /* TaskCoachCD.xcdatamodeld */; };
		A6775FB9132CD7D900358BC9 /* CoreData.framework in Frameworks */ = {isa = PBXBuildFile; fileRef = A6775FB8132CD7D900358BC9 /* CoreData.framework */; };
		A6775FBD132CD82100358BC9 /* CDHierarchicalDomainObject.m in Sources */ = {isa = PBXBuildFile; fileRef = A6775FBC132CD82100358BC9 /* CDHierarchicalDomainObject.m */; };
		A6775FC0132CD82100358BC9 /* CDFile.m in Sources */ = {isa = PBXBuildFile; fileRef = A6775FBF132CD82100358BC9 /* CDFile.m */; };
		A6775FC3132CD82100358BC9 /* CDEffort.m in Sources */ = {isa = PBXBuildFile; fileRef = A6775FC2132CD82100358BC9 /* CDEffort.m */; };
		A6775FC6132CD82100358BC9 /* CDCategory.m in Sources */ = {isa = PBXBuildFile; fileRef = A6775FC5132CD82100358BC9 /* CDCategory.m */; };
		A6775FC9132CD82200358BC9 /* CDDomainObject.m in Sources */ = {isa = PBXBuildFile; fileRef = A6775FC8132CD82200358BC9 /* CDDomainObject.m */; };
		A6775FCC132CD82200358BC9 /* CDTask.m in Sources */ = {isa = PBXBuildFile; fileRef = A6775FCB132CD82200358BC9 /* CDTask.m */; };
		A6775FD5132CD87400358BC9 /* CDDomainObject+Addons.m in Sources */ = {isa = PBXBuildFile; fileRef = A6775FCE132CD87400358BC9 /* CDDomainObject+Addons.m */; };
		A6775FD6132CD87400358BC9 /* CDEffort+Addons.m in Sources */ = {isa = PBXBuildFile; fileRef = A6775FD0132CD87400358BC9 /* CDEffort+Addons.m */; };
		A6775FD7132CD87400358BC9 /* CDHierarchicalDomainObject+Addons.m in Sources */ = {isa = PBXBuildFile; fileRef = A6775FD2132CD87400358BC9 /* CDHierarchicalDomainObject+Addons.m */; };
		A6775FD8132CD87400358BC9 /* CDTask+Addons.m in Sources */ = {isa = PBXBuildFile; fileRef = A6775FD4132CD87400358BC9 /* CDTask+Addons.m */; };
		A6A90571132CE1DB00F1F85A /* CDList.m in Sources */ = {isa = PBXBuildFile; fileRef = A6A90570132CE1DB00F1F85A /* CDList.m */; };
		A6A90581132CEE5E00F1F85A /* libsqlite3.dylib in Frameworks */ = {isa = PBXBuildFile; fileRef = A6A90580132CEE5E00F1F85A /* libsqlite3.dylib */; };
		A6A90584132CF16C00F1F85A /* Lists_highlighted.png in Resources */ = {isa = PBXBuildFile; fileRef = A6A90582132CF16C00F1F85A /* Lists_highlighted.png */; };
		A6A90585132CF16C00F1F85A /* Lists.png in Resources */ = {isa = PBXBuildFile; fileRef = A6A90583132CF16C00F1F85A /* Lists.png */; };
		A6A90588132CF38100F1F85A /* Sync_highlighted.png in Resources */ = {isa = PBXBuildFile; fileRef = A6A90586132CF38100F1F85A /* Sync_highlighted.png */; };
		A6A90589132CF38100F1F85A /* Sync.png in Resources */ = {isa = PBXBuildFile; fileRef = A6A90587132CF38100F1F85A /* Sync.png */; };
		A6BE6618132B9C9E005105FA /* Icon.png in Resources */ = {isa = PBXBuildFile; fileRef = A6BE6617132B9C9E005105FA /* Icon.png */; };
		A6BE661A132B9CA6005105FA /* Icon@2.png in Resources */ = {isa = PBXBuildFile; fileRef = A6BE6619132B9CA6005105FA /* Icon@2.png */; };
		A6BE661C132B9D18005105FA /* Icon-iPad.png in Resources */ = {isa = PBXBuildFile; fileRef = A6BE661B132B9D18005105FA /* Icon-iPad.png */; };
		A6BE6626132B9D88005105FA /* MainPageView-iPhone.xib in Resources */ = {isa = PBXBuildFile; fileRef = A6BE6624132B9D88005105FA /* MainPageView-iPhone.xib */; };
		A6BE662A132B9F17005105FA /* Configure_highlighted.png in Resources */ = {isa = PBXBuildFile; fileRef = A6BE6628132B9F17005105FA /* Configure_highlighted.png */; };
		A6BE662B132B9F17005105FA /* Configure.png in Resources */ = {isa = PBXBuildFile; fileRef = A6BE6629132B9F17005105FA /* Configure.png */; };
		A6BE662E132BA469005105FA /* MainPageView.m in Sources */ = {isa = PBXBuildFile; fileRef = A6BE662D132BA468005105FA /* MainPageView.m */; };
		A6BE6631132BAF6A005105FA /* Today_highlighted.png in Resources */ = {isa = PBXBuildFile; fileRef = A6BE662F132BAF69005105FA /* Today_highlighted.png */; };
		A6BE6632132BAF6A005105FA /* Today.png in Resources */ = {isa = PBXBuildFile; fileRef = A6BE6630132BAF69005105FA /* Today.png */; };
		A6CA87771348815C00C783F6 /* OrientationController.m in Sources */ = {isa = PBXBuildFile; fileRef = A6CA87761348815C00C783F6 /* OrientationController.m */; };
/* End PBXBuildFile section */

/* Begin PBXFileReference section */
		1E1A5E8A1332040E004E2683 /* SimpleChoiceView.h */ = {isa = PBXFileReference; fileEncoding = 4; lastKnownFileType = sourcecode.c.h; path = SimpleChoiceView.h; sourceTree = "<group>"; };
		1E1A5E8B1332040E004E2683 /* SimpleChoiceView.m */ = {isa = PBXFileReference; fileEncoding = 4; lastKnownFileType = sourcecode.c.objc; path = SimpleChoiceView.m; sourceTree = "<group>"; };
		1E1A5E8C1332040E004E2683 /* SimpleChoiceView.xib */ = {isa = PBXFileReference; fileEncoding = 4; lastKnownFileType = file.xib; path = SimpleChoiceView.xib; sourceTree = "<group>"; };
		1E1A5E9013336B84004E2683 /* SmartAlertView.h */ = {isa = PBXFileReference; fileEncoding = 4; lastKnownFileType = sourcecode.c.h; path = SmartAlertView.h; sourceTree = "<group>"; };
		1E1A5E9113336B84004E2683 /* SmartAlertView.m */ = {isa = PBXFileReference; fileEncoding = 4; lastKnownFileType = sourcecode.c.objc; path = SmartAlertView.m; sourceTree = "<group>"; };
		A6103DE7132CF6BE0083FBFD /* TasklistView.h */ = {isa = PBXFileReference; fileEncoding = 4; lastKnownFileType = sourcecode.c.h; path = TasklistView.h; sourceTree = "<group>"; };
		A6103DE8132CF6BE0083FBFD /* TasklistView.m */ = {isa = PBXFileReference; fileEncoding = 4; lastKnownFileType = sourcecode.c.objc; path = TasklistView.m; sourceTree = "<group>"; };
		A6103DE9132CF6BE0083FBFD /* TasklistView.xib */ = {isa = PBXFileReference; fileEncoding = 4; lastKnownFileType = file.xib; path = TasklistView.xib; sourceTree = "<group>"; };
		A6103DED132D02DE0083FBFD /* TasklistListView.h */ = {isa = PBXFileReference; fileEncoding = 4; lastKnownFileType = sourcecode.c.h; path = TasklistListView.h; sourceTree = "<group>"; };
		A6103DEE132D02DE0083FBFD /* TasklistListView.m */ = {isa = PBXFileReference; fileEncoding = 4; lastKnownFileType = sourcecode.c.objc; path = TasklistListView.m; sourceTree = "<group>"; };
		A613AEF2132CDD0E000D6211 /* DateUtils.h */ = {isa = PBXFileReference; fileEncoding = 4; lastKnownFileType = sourcecode.c.h; name = DateUtils.h; path = Utils/DateUtils.h; sourceTree = "<group>"; };
		A613AEF3132CDD0E000D6211 /* DateUtils.m */ = {isa = PBXFileReference; fileEncoding = 4; lastKnownFileType = sourcecode.c.objc; name = DateUtils.m; path = Utils/DateUtils.m; sourceTree = "<group>"; };
		A613AEF4132CDD0E000D6211 /* String+Utils.h */ = {isa = PBXFileReference; fileEncoding = 4; lastKnownFileType = sourcecode.c.h; name = "String+Utils.h"; path = "Utils/String+Utils.h"; sourceTree = "<group>"; };
		A613AEF5132CDD0E000D6211 /* String+Utils.m */ = {isa = PBXFileReference; fileEncoding = 4; lastKnownFileType = sourcecode.c.objc; name = "String+Utils.m"; path = "Utils/String+Utils.m"; sourceTree = "<group>"; };
		A613AEF8132CDE43000D6211 /* TaskCoachCD 3.xcdatamodel */ = {isa = PBXFileReference; lastKnownFileType = wrapper.xcdatamodel; path = "TaskCoachCD 3.xcdatamodel"; sourceTree = "<group>"; };
		A61A70D4133F373B00E510DA /* SimpleTaskView.h */ = {isa = PBXFileReference; fileEncoding = 4; lastKnownFileType = sourcecode.c.h; path = SimpleTaskView.h; sourceTree = "<group>"; };
		A61A70D5133F373B00E510DA /* SimpleTaskView.m */ = {isa = PBXFileReference; fileEncoding = 4; lastKnownFileType = sourcecode.c.objc; path = SimpleTaskView.m; sourceTree = "<group>"; };
		A61A70D6133F373B00E510DA /* SimpleTaskView.xib */ = {isa = PBXFileReference; fileEncoding = 4; lastKnownFileType = file.xib; path = SimpleTaskView.xib; sourceTree = "<group>"; };
		A62EF77C132B93F700FDB4FA /* Task Coach.app */ = {isa = PBXFileReference; explicitFileType = wrapper.application; includeInIndex = 0; path = "Task Coach.app"; sourceTree = BUILT_PRODUCTS_DIR; };
		A62EF780132B93F700FDB4FA /* UIKit.framework */ = {isa = PBXFileReference; lastKnownFileType = wrapper.framework; name = UIKit.framework; path = System/Library/Frameworks/UIKit.framework; sourceTree = SDKROOT; };
		A62EF782132B93F700FDB4FA /* Foundation.framework */ = {isa = PBXFileReference; lastKnownFileType = wrapper.framework; name = Foundation.framework; path = System/Library/Frameworks/Foundation.framework; sourceTree = SDKROOT; };
		A62EF784132B93F700FDB4FA /* CoreGraphics.framework */ = {isa = PBXFileReference; lastKnownFileType = wrapper.framework; name = CoreGraphics.framework; path = System/Library/Frameworks/CoreGraphics.framework; sourceTree = SDKROOT; };
		A62EF788132B93F700FDB4FA /* Task Coach-Info.plist */ = {isa = PBXFileReference; lastKnownFileType = text.plist.xml; path = "Task Coach-Info.plist"; sourceTree = "<group>"; };
		A62EF78A132B93F700FDB4FA /* en */ = {isa = PBXFileReference; lastKnownFileType = text.plist.strings; name = en; path = en.lproj/InfoPlist.strings; sourceTree = "<group>"; };
		A62EF78C132B93F700FDB4FA /* Task Coach-Prefix.pch */ = {isa = PBXFileReference; lastKnownFileType = sourcecode.c.h; path = "Task Coach-Prefix.pch"; sourceTree = "<group>"; };
		A62EF78D132B93F700FDB4FA /* main.m */ = {isa = PBXFileReference; lastKnownFileType = sourcecode.c.objc; path = main.m; sourceTree = "<group>"; };
		A62EF78F132B93F700FDB4FA /* Task_CoachAppDelegate.h */ = {isa = PBXFileReference; lastKnownFileType = sourcecode.c.h; path = Task_CoachAppDelegate.h; sourceTree = "<group>"; };
		A62EF790132B93F700FDB4FA /* Task_CoachAppDelegate.m */ = {isa = PBXFileReference; lastKnownFileType = sourcecode.c.objc; path = Task_CoachAppDelegate.m; sourceTree = "<group>"; };
		A62EF793132B93F700FDB4FA /* Task_CoachAppDelegate_iPhone.h */ = {isa = PBXFileReference; lastKnownFileType = sourcecode.c.h; name = Task_CoachAppDelegate_iPhone.h; path = iPhone/Task_CoachAppDelegate_iPhone.h; sourceTree = "<group>"; };
		A62EF794132B93F700FDB4FA /* Task_CoachAppDelegate_iPhone.m */ = {isa = PBXFileReference; lastKnownFileType = sourcecode.c.objc; name = Task_CoachAppDelegate_iPhone.m; path = iPhone/Task_CoachAppDelegate_iPhone.m; sourceTree = "<group>"; };
		A62EF797132B93F700FDB4FA /* en */ = {isa = PBXFileReference; lastKnownFileType = file.xib; name = en; path = iPhone/en.lproj/MainWindow_iPhone.xib; sourceTree = "<group>"; };
		A62EF79A132B93F700FDB4FA /* Task_CoachAppDelegate_iPad.h */ = {isa = PBXFileReference; lastKnownFileType = sourcecode.c.h; name = Task_CoachAppDelegate_iPad.h; path = iPad/Task_CoachAppDelegate_iPad.h; sourceTree = "<group>"; };
		A62EF79B132B93F700FDB4FA /* Task_CoachAppDelegate_iPad.m */ = {isa = PBXFileReference; lastKnownFileType = sourcecode.c.objc; name = Task_CoachAppDelegate_iPad.m; path = iPad/Task_CoachAppDelegate_iPad.m; sourceTree = "<group>"; };
		A62EF79E132B93F700FDB4FA /* en */ = {isa = PBXFileReference; lastKnownFileType = file.xib; name = en; path = iPad/en.lproj/MainWindow_iPad.xib; sourceTree = "<group>"; };
		A62EF7A5132B952500FDB4FA /* ImageButton.h */ = {isa = PBXFileReference; fileEncoding = 4; lastKnownFileType = sourcecode.c.h; path = ImageButton.h; sourceTree = "<group>"; };
		A62EF7A6132B952500FDB4FA /* ImageButton.m */ = {isa = PBXFileReference; fileEncoding = 4; lastKnownFileType = sourcecode.c.objc; path = ImageButton.m; sourceTree = "<group>"; };
		A62FF3F9132CDB8A00D33908 /* Migration.h */ = {isa = PBXFileReference; fileEncoding = 4; lastKnownFileType = sourcecode.c.h; name = Migration.h; path = CoreData/Migration.h; sourceTree = "<group>"; };
		A62FF3FA132CDB8A00D33908 /* Migration.m */ = {isa = PBXFileReference; fileEncoding = 4; lastKnownFileType = sourcecode.c.objc; name = Migration.m; path = CoreData/Migration.m; sourceTree = "<group>"; };
		A6775FAB132CD3A200358BC9 /* Configuration.h */ = {isa = PBXFileReference; fileEncoding = 4; lastKnownFileType = sourcecode.c.h; path = Configuration.h; sourceTree = "<group>"; };
		A6775FAC132CD3A200358BC9 /* Configuration.m */ = {isa = PBXFileReference; fileEncoding = 4; lastKnownFileType = sourcecode.c.objc; path = Configuration.m; sourceTree = "<group>"; };
		A6775FB5132CD7AC00358BC9 /* TaskCoachCD 2.xcdatamodel */ = {isa = PBXFileReference; lastKnownFileType = wrapper.xcdatamodel; path = "TaskCoachCD 2.xcdatamodel"; sourceTree = "<group>"; };
		A6775FB6132CD7AC00358BC9 /* TaskCoachCD.xcdatamodel */ = {isa = PBXFileReference; lastKnownFileType = wrapper.xcdatamodel; path = TaskCoachCD.xcdatamodel; sourceTree = "<group>"; };
		A6775FB8132CD7D900358BC9 /* CoreData.framework */ = {isa = PBXFileReference; lastKnownFileType = wrapper.framework; name = CoreData.framework; path = System/Library/Frameworks/CoreData.framework; sourceTree = SDKROOT; };
		A6775FBB132CD82100358BC9 /* CDHierarchicalDomainObject.h */ = {isa = PBXFileReference; fileEncoding = 4; lastKnownFileType = sourcecode.c.h; name = CDHierarchicalDomainObject.h; path = CoreData/CDHierarchicalDomainObject.h; sourceTree = "<group>"; };
		A6775FBC132CD82100358BC9 /* CDHierarchicalDomainObject.m */ = {isa = PBXFileReference; fileEncoding = 4; lastKnownFileType = sourcecode.c.objc; name = CDHierarchicalDomainObject.m; path = CoreData/CDHierarchicalDomainObject.m; sourceTree = "<group>"; };
		A6775FBE132CD82100358BC9 /* CDFile.h */ = {isa = PBXFileReference; fileEncoding = 4; lastKnownFileType = sourcecode.c.h; name = CDFile.h; path = CoreData/CDFile.h; sourceTree = "<group>"; };
		A6775FBF132CD82100358BC9 /* CDFile.m */ = {isa = PBXFileReference; fileEncoding = 4; lastKnownFileType = sourcecode.c.objc; name = CDFile.m; path = CoreData/CDFile.m; sourceTree = "<group>"; };
		A6775FC1132CD82100358BC9 /* CDEffort.h */ = {isa = PBXFileReference; fileEncoding = 4; lastKnownFileType = sourcecode.c.h; name = CDEffort.h; path = CoreData/CDEffort.h; sourceTree = "<group>"; };
		A6775FC2132CD82100358BC9 /* CDEffort.m */ = {isa = PBXFileReference; fileEncoding = 4; lastKnownFileType = sourcecode.c.objc; name = CDEffort.m; path = CoreData/CDEffort.m; sourceTree = "<group>"; };
		A6775FC4132CD82100358BC9 /* CDCategory.h */ = {isa = PBXFileReference; fileEncoding = 4; lastKnownFileType = sourcecode.c.h; name = CDCategory.h; path = CoreData/CDCategory.h; sourceTree = "<group>"; };
		A6775FC5132CD82100358BC9 /* CDCategory.m */ = {isa = PBXFileReference; fileEncoding = 4; lastKnownFileType = sourcecode.c.objc; name = CDCategory.m; path = CoreData/CDCategory.m; sourceTree = "<group>"; };
		A6775FC7132CD82100358BC9 /* CDDomainObject.h */ = {isa = PBXFileReference; fileEncoding = 4; lastKnownFileType = sourcecode.c.h; name = CDDomainObject.h; path = CoreData/CDDomainObject.h; sourceTree = "<group>"; };
		A6775FC8132CD82200358BC9 /* CDDomainObject.m */ = {isa = PBXFileReference; fileEncoding = 4; lastKnownFileType = sourcecode.c.objc; name = CDDomainObject.m; path = CoreData/CDDomainObject.m; sourceTree = "<group>"; };
		A6775FCA132CD82200358BC9 /* CDTask.h */ = {isa = PBXFileReference; fileEncoding = 4; lastKnownFileType = sourcecode.c.h; name = CDTask.h; path = CoreData/CDTask.h; sourceTree = "<group>"; };
		A6775FCB132CD82200358BC9 /* CDTask.m */ = {isa = PBXFileReference; fileEncoding = 4; lastKnownFileType = sourcecode.c.objc; name = CDTask.m; path = CoreData/CDTask.m; sourceTree = "<group>"; };
		A6775FCD132CD87400358BC9 /* CDDomainObject+Addons.h */ = {isa = PBXFileReference; fileEncoding = 4; lastKnownFileType = sourcecode.c.h; name = "CDDomainObject+Addons.h"; path = "CoreData/CDDomainObject+Addons.h"; sourceTree = "<group>"; };
		A6775FCE132CD87400358BC9 /* CDDomainObject+Addons.m */ = {isa = PBXFileReference; fileEncoding = 4; lastKnownFileType = sourcecode.c.objc; name = "CDDomainObject+Addons.m"; path = "CoreData/CDDomainObject+Addons.m"; sourceTree = "<group>"; };
		A6775FCF132CD87400358BC9 /* CDEffort+Addons.h */ = {isa = PBXFileReference; fileEncoding = 4; lastKnownFileType = sourcecode.c.h; name = "CDEffort+Addons.h"; path = "CoreData/CDEffort+Addons.h"; sourceTree = "<group>"; };
		A6775FD0132CD87400358BC9 /* CDEffort+Addons.m */ = {isa = PBXFileReference; fileEncoding = 4; lastKnownFileType = sourcecode.c.objc; name = "CDEffort+Addons.m"; path = "CoreData/CDEffort+Addons.m"; sourceTree = "<group>"; };
		A6775FD1132CD87400358BC9 /* CDHierarchicalDomainObject+Addons.h */ = {isa = PBXFileReference; fileEncoding = 4; lastKnownFileType = sourcecode.c.h; name = "CDHierarchicalDomainObject+Addons.h"; path = "CoreData/CDHierarchicalDomainObject+Addons.h"; sourceTree = "<group>"; };
		A6775FD2132CD87400358BC9 /* CDHierarchicalDomainObject+Addons.m */ = {isa = PBXFileReference; fileEncoding = 4; lastKnownFileType = sourcecode.c.objc; name = "CDHierarchicalDomainObject+Addons.m"; path = "CoreData/CDHierarchicalDomainObject+Addons.m"; sourceTree = "<group>"; };
		A6775FD3132CD87400358BC9 /* CDTask+Addons.h */ = {isa = PBXFileReference; fileEncoding = 4; lastKnownFileType = sourcecode.c.h; name = "CDTask+Addons.h"; path = "CoreData/CDTask+Addons.h"; sourceTree = "<group>"; };
		A6775FD4132CD87400358BC9 /* CDTask+Addons.m */ = {isa = PBXFileReference; fileEncoding = 4; lastKnownFileType = sourcecode.c.objc; name = "CDTask+Addons.m"; path = "CoreData/CDTask+Addons.m"; sourceTree = "<group>"; };
		A6775FD9132CD90300358BC9 /* i18n.h */ = {isa = PBXFileReference; fileEncoding = 4; lastKnownFileType = sourcecode.c.h; path = i18n.h; sourceTree = "<group>"; };
		A6A9056F132CE1DB00F1F85A /* CDList.h */ = {isa = PBXFileReference; fileEncoding = 4; lastKnownFileType = sourcecode.c.h; name = CDList.h; path = CoreData/CDList.h; sourceTree = "<group>"; };
		A6A90570132CE1DB00F1F85A /* CDList.m */ = {isa = PBXFileReference; fileEncoding = 4; lastKnownFileType = sourcecode.c.objc; name = CDList.m; path = CoreData/CDList.m; sourceTree = "<group>"; };
		A6A90580132CEE5E00F1F85A /* libsqlite3.dylib */ = {isa = PBXFileReference; lastKnownFileType = "compiled.mach-o.dylib"; name = libsqlite3.dylib; path = usr/lib/libsqlite3.dylib; sourceTree = SDKROOT; };
		A6A90582132CF16C00F1F85A /* Lists_highlighted.png */ = {isa = PBXFileReference; lastKnownFileType = image.png; name = Lists_highlighted.png; path = Images/Lists_highlighted.png; sourceTree = "<group>"; };
		A6A90583132CF16C00F1F85A /* Lists.png */ = {isa = PBXFileReference; lastKnownFileType = image.png; name = Lists.png; path = Images/Lists.png; sourceTree = "<group>"; };
		A6A90586132CF38100F1F85A /* Sync_highlighted.png */ = {isa = PBXFileReference; lastKnownFileType = image.png; name = Sync_highlighted.png; path = Images/Sync_highlighted.png; sourceTree = "<group>"; };
		A6A90587132CF38100F1F85A /* Sync.png */ = {isa = PBXFileReference; lastKnownFileType = image.png; name = Sync.png; path = Images/Sync.png; sourceTree = "<group>"; };
		A6BE6617132B9C9E005105FA /* Icon.png */ = {isa = PBXFileReference; lastKnownFileType = image.png; name = Icon.png; path = ../Icon.png; sourceTree = "<group>"; };
		A6BE6619132B9CA6005105FA /* Icon@2.png */ = {isa = PBXFileReference; lastKnownFileType = image.png; name = "Icon@2.png"; path = "../Icon@2.png"; sourceTree = "<group>"; };
		A6BE661B132B9D18005105FA /* Icon-iPad.png */ = {isa = PBXFileReference; lastKnownFileType = image.png; name = "Icon-iPad.png"; path = "../Icon-iPad.png"; sourceTree = "<group>"; };
		A6BE6624132B9D88005105FA /* MainPageView-iPhone.xib */ = {isa = PBXFileReference; fileEncoding = 4; lastKnownFileType = file.xib; path = "MainPageView-iPhone.xib"; sourceTree = "<group>"; };
		A6BE6628132B9F17005105FA /* Configure_highlighted.png */ = {isa = PBXFileReference; lastKnownFileType = image.png; name = Configure_highlighted.png; path = Images/Configure_highlighted.png; sourceTree = "<group>"; };
		A6BE6629132B9F17005105FA /* Configure.png */ = {isa = PBXFileReference; lastKnownFileType = image.png; name = Configure.png; path = Images/Configure.png; sourceTree = "<group>"; };
		A6BE662C132BA468005105FA /* MainPageView.h */ = {isa = PBXFileReference; fileEncoding = 4; lastKnownFileType = sourcecode.c.h; path = MainPageView.h; sourceTree = "<group>"; };
		A6BE662D132BA468005105FA /* MainPageView.m */ = {isa = PBXFileReference; fileEncoding = 4; lastKnownFileType = sourcecode.c.objc; path = MainPageView.m; sourceTree = "<group>"; };
		A6BE662F132BAF69005105FA /* Today_highlighted.png */ = {isa = PBXFileReference; lastKnownFileType = image.png; name = Today_highlighted.png; path = Images/Today_highlighted.png; sourceTree = "<group>"; };
		A6BE6630132BAF69005105FA /* Today.png */ = {isa = PBXFileReference; lastKnownFileType = image.png; name = Today.png; path = Images/Today.png; sourceTree = "<group>"; };
		A6CA87751348815C00C783F6 /* OrientationController.h */ = {isa = PBXFileReference; fileEncoding = 4; lastKnownFileType = sourcecode.c.h; path = OrientationController.h; sourceTree = "<group>"; };
		A6CA87761348815C00C783F6 /* OrientationController.m */ = {isa = PBXFileReference; fileEncoding = 4; lastKnownFileType = sourcecode.c.objc; path = OrientationController.m; sourceTree = "<group>"; };
/* End PBXFileReference section */

/* Begin PBXFrameworksBuildPhase section */
		A62EF779132B93F700FDB4FA /* Frameworks */ = {
			isa = PBXFrameworksBuildPhase;
			buildActionMask = 2147483647;
			files = (
				A6A90581132CEE5E00F1F85A /* libsqlite3.dylib in Frameworks */,
				A6775FB9132CD7D900358BC9 /* CoreData.framework in Frameworks */,
				A62EF781132B93F700FDB4FA /* UIKit.framework in Frameworks */,
				A62EF783132B93F700FDB4FA /* Foundation.framework in Frameworks */,
				A62EF785132B93F700FDB4FA /* CoreGraphics.framework in Frameworks */,
			);
			runOnlyForDeploymentPostprocessing = 0;
		};
/* End PBXFrameworksBuildPhase section */

/* Begin PBXGroup section */
		A613AEF0132CDCD2000D6211 /* Utils */ = {
			isa = PBXGroup;
			children = (
				A613AEF2132CDD0E000D6211 /* DateUtils.h */,
				A613AEF3132CDD0E000D6211 /* DateUtils.m */,
				A613AEF4132CDD0E000D6211 /* String+Utils.h */,
				A613AEF5132CDD0E000D6211 /* String+Utils.m */,
				1E1A5E8A1332040E004E2683 /* SimpleChoiceView.h */,
				1E1A5E8B1332040E004E2683 /* SimpleChoiceView.m */,
				1E1A5E8C1332040E004E2683 /* SimpleChoiceView.xib */,
				1E1A5E9013336B84004E2683 /* SmartAlertView.h */,
				1E1A5E9113336B84004E2683 /* SmartAlertView.m */,
			);
			name = Utils;
			sourceTree = "<group>";
		};
		A62EF771132B93F600FDB4FA = {
			isa = PBXGroup;
			children = (
				A62EF786132B93F700FDB4FA /* Task Coach */,
				A62EF77F132B93F700FDB4FA /* Frameworks */,
				A62EF77D132B93F700FDB4FA /* Products */,
			);
			sourceTree = "<group>";
		};
		A62EF77D132B93F700FDB4FA /* Products */ = {
			isa = PBXGroup;
			children = (
				A62EF77C132B93F700FDB4FA /* Task Coach.app */,
			);
			name = Products;
			sourceTree = "<group>";
		};
		A62EF77F132B93F700FDB4FA /* Frameworks */ = {
			isa = PBXGroup;
			children = (
				A6A90580132CEE5E00F1F85A /* libsqlite3.dylib */,
				A6775FB8132CD7D900358BC9 /* CoreData.framework */,
				A62EF780132B93F700FDB4FA /* UIKit.framework */,
				A62EF782132B93F700FDB4FA /* Foundation.framework */,
				A62EF784132B93F700FDB4FA /* CoreGraphics.framework */,
			);
			name = Frameworks;
			sourceTree = "<group>";
		};
		A62EF786132B93F700FDB4FA /* Task Coach */ = {
			isa = PBXGroup;
			children = (
				A6775FD9132CD90300358BC9 /* i18n.h */,
				A62EF78F132B93F700FDB4FA /* Task_CoachAppDelegate.h */,
				A62EF790132B93F700FDB4FA /* Task_CoachAppDelegate.m */,
				A6BE662C132BA468005105FA /* MainPageView.h */,
				A6BE662D132BA468005105FA /* MainPageView.m */,
				A62EF792132B93F700FDB4FA /* iPhone */,
				A62EF799132B93F700FDB4FA /* iPad */,
				A613AEF0132CDCD2000D6211 /* Utils */,
				A6775FBA132CD7E100358BC9 /* CoreData */,
				A6775FA9132CD37B00358BC9 /* Configuration */,
				A62EF787132B93F700FDB4FA /* Supporting Files */,
				A62EF7A5132B952500FDB4FA /* ImageButton.h */,
				A62EF7A6132B952500FDB4FA /* ImageButton.m */,
				A6CA87751348815C00C783F6 /* OrientationController.h */,
				A6CA87761348815C00C783F6 /* OrientationController.m */,
				A6103DE7132CF6BE0083FBFD /* TasklistView.h */,
				A6103DE8132CF6BE0083FBFD /* TasklistView.m */,
				A6103DE9132CF6BE0083FBFD /* TasklistView.xib */,
				A6103DED132D02DE0083FBFD /* TasklistListView.h */,
				A6103DEE132D02DE0083FBFD /* TasklistListView.m */,
				A61A70D4133F373B00E510DA /* SimpleTaskView.h */,
				A61A70D5133F373B00E510DA /* SimpleTaskView.m */,
				A61A70D6133F373B00E510DA /* SimpleTaskView.xib */,
			);
			path = "Task Coach";
			sourceTree = "<group>";
		};
		A62EF787132B93F700FDB4FA /* Supporting Files */ = {
			isa = PBXGroup;
			children = (
				A6775FB4132CD7AC00358BC9 /* TaskCoachCD.xcdatamodeld */,
				A62EF7A8132B95DD00FDB4FA /* Icons */,
				A62EF788132B93F700FDB4FA /* Task Coach-Info.plist */,
				A62EF789132B93F700FDB4FA /* InfoPlist.strings */,
				A62EF78C132B93F700FDB4FA /* Task Coach-Prefix.pch */,
				A62EF78D132B93F700FDB4FA /* main.m */,
			);
			name = "Supporting Files";
			sourceTree = "<group>";
		};
		A62EF792132B93F700FDB4FA /* iPhone */ = {
			isa = PBXGroup;
			children = (
				A62EF793132B93F700FDB4FA /* Task_CoachAppDelegate_iPhone.h */,
				A62EF794132B93F700FDB4FA /* Task_CoachAppDelegate_iPhone.m */,
				A62EF796132B93F700FDB4FA /* MainWindow_iPhone.xib */,
				A6BE6624132B9D88005105FA /* MainPageView-iPhone.xib */,
			);
			name = iPhone;
			sourceTree = "<group>";
		};
		A62EF799132B93F700FDB4FA /* iPad */ = {
			isa = PBXGroup;
			children = (
				A62EF79A132B93F700FDB4FA /* Task_CoachAppDelegate_iPad.h */,
				A62EF79B132B93F700FDB4FA /* Task_CoachAppDelegate_iPad.m */,
				A62EF79D132B93F700FDB4FA /* MainWindow_iPad.xib */,
			);
			name = iPad;
			sourceTree = "<group>";
		};
		A62EF7A8132B95DD00FDB4FA /* Icons */ = {
			isa = PBXGroup;
			children = (
				A6BE6627132B9F08005105FA /* Buttons */,
				A6BE661B132B9D18005105FA /* Icon-iPad.png */,
				A6BE6619132B9CA6005105FA /* Icon@2.png */,
				A6BE6617132B9C9E005105FA /* Icon.png */,
			);
			name = Icons;
			sourceTree = "<group>";
		};
		A6775FA9132CD37B00358BC9 /* Configuration */ = {
			isa = PBXGroup;
			children = (
				A6775FAB132CD3A200358BC9 /* Configuration.h */,
				A6775FAC132CD3A200358BC9 /* Configuration.m */,
			);
			name = Configuration;
			sourceTree = "<group>";
		};
		A6775FBA132CD7E100358BC9 /* CoreData */ = {
			isa = PBXGroup;
			children = (
				A6A9056F132CE1DB00F1F85A /* CDList.h */,
				A6A90570132CE1DB00F1F85A /* CDList.m */,
				A62FF3F9132CDB8A00D33908 /* Migration.h */,
				A62FF3FA132CDB8A00D33908 /* Migration.m */,
				A6775FCD132CD87400358BC9 /* CDDomainObject+Addons.h */,
				A6775FCE132CD87400358BC9 /* CDDomainObject+Addons.m */,
				A6775FCF132CD87400358BC9 /* CDEffort+Addons.h */,
				A6775FD0132CD87400358BC9 /* CDEffort+Addons.m */,
				A6775FD1132CD87400358BC9 /* CDHierarchicalDomainObject+Addons.h */,
				A6775FD2132CD87400358BC9 /* CDHierarchicalDomainObject+Addons.m */,
				A6775FD3132CD87400358BC9 /* CDTask+Addons.h */,
				A6775FD4132CD87400358BC9 /* CDTask+Addons.m */,
				A6775FCA132CD82200358BC9 /* CDTask.h */,
				A6775FCB132CD82200358BC9 /* CDTask.m */,
				A6775FC7132CD82100358BC9 /* CDDomainObject.h */,
				A6775FC8132CD82200358BC9 /* CDDomainObject.m */,
				A6775FC4132CD82100358BC9 /* CDCategory.h */,
				A6775FC5132CD82100358BC9 /* CDCategory.m */,
				A6775FC1132CD82100358BC9 /* CDEffort.h */,
				A6775FC2132CD82100358BC9 /* CDEffort.m */,
				A6775FBE132CD82100358BC9 /* CDFile.h */,
				A6775FBF132CD82100358BC9 /* CDFile.m */,
				A6775FBB132CD82100358BC9 /* CDHierarchicalDomainObject.h */,
				A6775FBC132CD82100358BC9 /* CDHierarchicalDomainObject.m */,
			);
			name = CoreData;
			sourceTree = "<group>";
		};
		A6BE6627132B9F08005105FA /* Buttons */ = {
			isa = PBXGroup;
			children = (
				A6A90586132CF38100F1F85A /* Sync_highlighted.png */,
				A6A90587132CF38100F1F85A /* Sync.png */,
				A6A90582132CF16C00F1F85A /* Lists_highlighted.png */,
				A6A90583132CF16C00F1F85A /* Lists.png */,
				A6BE662F132BAF69005105FA /* Today_highlighted.png */,
				A6BE6630132BAF69005105FA /* Today.png */,
				A6BE6628132B9F17005105FA /* Configure_highlighted.png */,
				A6BE6629132B9F17005105FA /* Configure.png */,
			);
			name = Buttons;
			sourceTree = "<group>";
		};
/* End PBXGroup section */

/* Begin PBXNativeTarget section */
		A62EF77B132B93F700FDB4FA /* Task Coach */ = {
			isa = PBXNativeTarget;
			buildConfigurationList = A62EF7A2132B93F700FDB4FA /* Build configuration list for PBXNativeTarget "Task Coach" */;
			buildPhases = (
				A62EF778132B93F700FDB4FA /* Sources */,
				A62EF779132B93F700FDB4FA /* Frameworks */,
				A62EF77A132B93F700FDB4FA /* Resources */,
			);
			buildRules = (
			);
			dependencies = (
			);
			name = "Task Coach";
			productName = "Task Coach";
			productReference = A62EF77C132B93F700FDB4FA /* Task Coach.app */;
			productType = "com.apple.product-type.application";
		};
/* End PBXNativeTarget section */

/* Begin PBXProject section */
		A62EF773132B93F600FDB4FA /* Project object */ = {
			isa = PBXProject;
			buildConfigurationList = A62EF776132B93F700FDB4FA /* Build configuration list for PBXProject "Task Coach" */;
			compatibilityVersion = "Xcode 3.2";
			developmentRegion = English;
			hasScannedForEncodings = 0;
			knownRegions = (
				en,
			);
			mainGroup = A62EF771132B93F600FDB4FA;
			productRefGroup = A62EF77D132B93F700FDB4FA /* Products */;
			projectDirPath = "";
			projectRoot = "";
			targets = (
				A62EF77B132B93F700FDB4FA /* Task Coach */,
			);
		};
/* End PBXProject section */

/* Begin PBXResourcesBuildPhase section */
		A62EF77A132B93F700FDB4FA /* Resources */ = {
			isa = PBXResourcesBuildPhase;
			buildActionMask = 2147483647;
			files = (
				A62EF78B132B93F700FDB4FA /* InfoPlist.strings in Resources */,
				A62EF798132B93F700FDB4FA /* MainWindow_iPhone.xib in Resources */,
				A62EF79F132B93F700FDB4FA /* MainWindow_iPad.xib in Resources */,
				A6BE6618132B9C9E005105FA /* Icon.png in Resources */,
				A6BE661A132B9CA6005105FA /* Icon@2.png in Resources */,
				A6BE661C132B9D18005105FA /* Icon-iPad.png in Resources */,
				A6BE6626132B9D88005105FA /* MainPageView-iPhone.xib in Resources */,
				A6BE662A132B9F17005105FA /* Configure_highlighted.png in Resources */,
				A6BE662B132B9F17005105FA /* Configure.png in Resources */,
				A6BE6631132BAF6A005105FA /* Today_highlighted.png in Resources */,
				A6BE6632132BAF6A005105FA /* Today.png in Resources */,
				A6A90584132CF16C00F1F85A /* Lists_highlighted.png in Resources */,
				A6A90585132CF16C00F1F85A /* Lists.png in Resources */,
				A6A90588132CF38100F1F85A /* Sync_highlighted.png in Resources */,
				A6A90589132CF38100F1F85A /* Sync.png in Resources */,
				A6103DEB132CF6BF0083FBFD /* TasklistView.xib in Resources */,
				1E1A5E8E1332040E004E2683 /* SimpleChoiceView.xib in Resources */,
				A61A70D8133F373B00E510DA /* SimpleTaskView.xib in Resources */,
			);
			runOnlyForDeploymentPostprocessing = 0;
		};
/* End PBXResourcesBuildPhase section */

/* Begin PBXSourcesBuildPhase section */
		A62EF778132B93F700FDB4FA /* Sources */ = {
			isa = PBXSourcesBuildPhase;
			buildActionMask = 2147483647;
			files = (
				A62EF78E132B93F700FDB4FA /* main.m in Sources */,
				A62EF791132B93F700FDB4FA /* Task_CoachAppDelegate.m in Sources */,
				A62EF795132B93F700FDB4FA /* Task_CoachAppDelegate_iPhone.m in Sources */,
				A62EF79C132B93F700FDB4FA /* Task_CoachAppDelegate_iPad.m in Sources */,
				A62EF7A7132B952500FDB4FA /* ImageButton.m in Sources */,
				A6BE662E132BA469005105FA /* MainPageView.m in Sources */,
				A6775FAD132CD3A200358BC9 /* Configuration.m in Sources */,
				A6775FB7132CD7AC00358BC9 /* TaskCoachCD.xcdatamodeld in Sources */,
				A6775FBD132CD82100358BC9 /* CDHierarchicalDomainObject.m in Sources */,
				A6775FC0132CD82100358BC9 /* CDFile.m in Sources */,
				A6775FC3132CD82100358BC9 /* CDEffort.m in Sources */,
				A6775FC6132CD82100358BC9 /* CDCategory.m in Sources */,
				A6775FC9132CD82200358BC9 /* CDDomainObject.m in Sources */,
				A6775FCC132CD82200358BC9 /* CDTask.m in Sources */,
				A6775FD5132CD87400358BC9 /* CDDomainObject+Addons.m in Sources */,
				A6775FD6132CD87400358BC9 /* CDEffort+Addons.m in Sources */,
				A6775FD7132CD87400358BC9 /* CDHierarchicalDomainObject+Addons.m in Sources */,
				A6775FD8132CD87400358BC9 /* CDTask+Addons.m in Sources */,
				A62FF3FB132CDB8A00D33908 /* Migration.m in Sources */,
				A613AEF6132CDD0E000D6211 /* DateUtils.m in Sources */,
				A613AEF7132CDD0E000D6211 /* String+Utils.m in Sources */,
				A6A90571132CE1DB00F1F85A /* CDList.m in Sources */,
				A6103DEA132CF6BF0083FBFD /* TasklistView.m in Sources */,
				A6103DF0132D02DF0083FBFD /* TasklistListView.m in Sources */,
				1E1A5E8D1332040E004E2683 /* SimpleChoiceView.m in Sources */,
				1E1A5E9213336B84004E2683 /* SmartAlertView.m in Sources */,
				A61A70D7133F373B00E510DA /* SimpleTaskView.m in Sources */,
				A6CA87771348815C00C783F6 /* OrientationController.m in Sources */,
			);
			runOnlyForDeploymentPostprocessing = 0;
		};
/* End PBXSourcesBuildPhase section */

/* Begin PBXVariantGroup section */
		A62EF789132B93F700FDB4FA /* InfoPlist.strings */ = {
			isa = PBXVariantGroup;
			children = (
				A62EF78A132B93F700FDB4FA /* en */,
			);
			name = InfoPlist.strings;
			sourceTree = "<group>";
		};
		A62EF796132B93F700FDB4FA /* MainWindow_iPhone.xib */ = {
			isa = PBXVariantGroup;
			children = (
				A62EF797132B93F700FDB4FA /* en */,
			);
			name = MainWindow_iPhone.xib;
			sourceTree = "<group>";
		};
		A62EF79D132B93F700FDB4FA /* MainWindow_iPad.xib */ = {
			isa = PBXVariantGroup;
			children = (
				A62EF79E132B93F700FDB4FA /* en */,
			);
			name = MainWindow_iPad.xib;
			sourceTree = "<group>";
		};
/* End PBXVariantGroup section */

/* Begin XCBuildConfiguration section */
		A62EF7A0132B93F700FDB4FA /* Debug */ = {
			isa = XCBuildConfiguration;
			buildSettings = {
				ARCHS = "$(ARCHS_STANDARD_32_BIT)";
				CODE_SIGN_IDENTITY = "iPhone Developer: Jérôme Laheurte (DQ65E4R93Z)";
				"CODE_SIGN_IDENTITY[sdk=iphoneos*]" = "iPhone Developer";
				GCC_C_LANGUAGE_STANDARD = gnu99;
				GCC_OPTIMIZATION_LEVEL = 0;
				GCC_PREPROCESSOR_DEFINITIONS = DEBUG;
				GCC_SYMBOLS_PRIVATE_EXTERN = NO;
				GCC_VERSION = com.apple.compilers.llvmgcc42;
				GCC_WARN_ABOUT_RETURN_TYPE = YES;
				GCC_WARN_UNUSED_VARIABLE = YES;
				IPHONEOS_DEPLOYMENT_TARGET = 4.3;
				PROVISIONING_PROFILE = "AAF550AC-0298-4411-B6E3-D8290F37CE85";
				SDKROOT = iphoneos;
				TARGETED_DEVICE_FAMILY = "1,2";
			};
			name = Debug;
		};
		A62EF7A1132B93F700FDB4FA /* Release */ = {
			isa = XCBuildConfiguration;
			buildSettings = {
				ARCHS = "$(ARCHS_STANDARD_32_BIT)";
				CODE_SIGN_IDENTITY = "iPhone Distribution: Jérôme Laheurte";
				"CODE_SIGN_IDENTITY[sdk=iphoneos*]" = "iPhone Developer";
				GCC_C_LANGUAGE_STANDARD = gnu99;
				GCC_VERSION = com.apple.compilers.llvmgcc42;
				GCC_WARN_ABOUT_RETURN_TYPE = YES;
				GCC_WARN_UNUSED_VARIABLE = YES;
				IPHONEOS_DEPLOYMENT_TARGET = 4.3;
				OTHER_CFLAGS = "-DNS_BLOCK_ASSERTIONS=1";
				PROVISIONING_PROFILE = "F55242E2-A132-402B-B359-9B9720960BA9";
				SDKROOT = iphoneos;
				TARGETED_DEVICE_FAMILY = "1,2";
			};
			name = Release;
		};
		A62EF7A3132B93F700FDB4FA /* Debug */ = {
			isa = XCBuildConfiguration;
			buildSettings = {
				ALWAYS_SEARCH_USER_PATHS = NO;
				COPY_PHASE_STRIP = NO;
				GCC_DYNAMIC_NO_PIC = NO;
				GCC_PRECOMPILE_PREFIX_HEADER = YES;
				GCC_PREFIX_HEADER = "Task Coach/Task Coach-Prefix.pch";
				INFOPLIST_FILE = "Task Coach/Task Coach-Info.plist";
				PRODUCT_NAME = "${TARGET_NAME}";
				WRAPPER_EXTENSION = app;
			};
			name = Debug;
		};
		A62EF7A4132B93F700FDB4FA /* Release */ = {
			isa = XCBuildConfiguration;
			buildSettings = {
				ALWAYS_SEARCH_USER_PATHS = NO;
				COPY_PHASE_STRIP = YES;
				GCC_PRECOMPILE_PREFIX_HEADER = YES;
				GCC_PREFIX_HEADER = "Task Coach/Task Coach-Prefix.pch";
				INFOPLIST_FILE = "Task Coach/Task Coach-Info.plist";
				PRODUCT_NAME = "${TARGET_NAME}";
				VALIDATE_PRODUCT = YES;
				WRAPPER_EXTENSION = app;
			};
			name = Release;
		};
/* End XCBuildConfiguration section */

/* Begin XCConfigurationList section */
		A62EF776132B93F700FDB4FA /* Build configuration list for PBXProject "Task Coach" */ = {
			isa = XCConfigurationList;
			buildConfigurations = (
				A62EF7A0132B93F700FDB4FA /* Debug */,
				A62EF7A1132B93F700FDB4FA /* Release */,
			);
			defaultConfigurationIsVisible = 0;
			defaultConfigurationName = Release;
		};
		A62EF7A2132B93F700FDB4FA /* Build configuration list for PBXNativeTarget "Task Coach" */ = {
			isa = XCConfigurationList;
			buildConfigurations = (
				A62EF7A3132B93F700FDB4FA /* Debug */,
				A62EF7A4132B93F700FDB4FA /* Release */,
			);
			defaultConfigurationIsVisible = 0;
			defaultConfigurationName = Release;
		};
/* End XCConfigurationList section */

/* Begin XCVersionGroup section */
		A6775FB4132CD7AC00358BC9 /* TaskCoachCD.xcdatamodeld */ = {
			isa = XCVersionGroup;
			children = (
				A613AEF8132CDE43000D6211 /* TaskCoachCD 3.xcdatamodel */,
				A6775FB5132CD7AC00358BC9 /* TaskCoachCD 2.xcdatamodel */,
				A6775FB6132CD7AC00358BC9 /* TaskCoachCD.xcdatamodel */,
			);
			currentVersion = A613AEF8132CDE43000D6211 /* TaskCoachCD 3.xcdatamodel */;
			path = TaskCoachCD.xcdatamodeld;
			sourceTree = "<group>";
			versionGroupType = wrapper.xcdatamodel;
		};
/* End XCVersionGroup section */
	};
	rootObject = A62EF773132B93F600FDB4FA /* Project object */;
}
